
Microsoft Visual Studio Solution File, Format Version 12.00
# Visual Studio 2015
Project("{FAE04EC0-301F-11D3-BF4B-00C04F79EFBC}") = "Unity_Game2.CSharp.Plugins", "Unity_Game2.CSharp.Plugins.csproj", "{FD4D4352-0641-4E56-FE17-02616475877E}"
EndProject
Project("{FAE04EC0-301F-11D3-BF4B-00C04F79EFBC}") = "Unity_Game2.CSharp", "Unity_Game2.CSharp.csproj", "{AF985D71-8158-C082-4764-8E3839094878}"
EndProject
Project("{FAE04EC0-301F-11D3-BF4B-00C04F79EFBC}") = "Unity_Game2.CSharp.Editor", "Unity_Game2.CSharp.Editor.csproj", "{B50E7847-DBF7-C10C-1CA3-0C2EDA678639}"
EndProject
Global
	GlobalSection(SolutionConfigurationPlatforms) = preSolution
		Debug|Any CPU = Debug|Any CPU
		Release|Any CPU = Release|Any CPU
	EndGlobalSection
	GlobalSection(ProjectConfigurationPlatforms) = postSolution
		{FD4D4352-0641-4E56-FE17-02616475877E}.Debug|Any CPU.ActiveCfg = Debug|Any CPU
		{FD4D4352-0641-4E56-FE17-02616475877E}.Debug|Any CPU.Build.0 = Debug|Any CPU
		{FD4D4352-0641-4E56-FE17-02616475877E}.Release|Any CPU.ActiveCfg = Release|Any CPU
		{FD4D4352-0641-4E56-FE17-02616475877E}.Release|Any CPU.Build.0 = Release|Any CPU
		{AF985D71-8158-C082-4764-8E3839094878}.Debug|Any CPU.ActiveCfg = Debug|Any CPU
		{AF985D71-8158-C082-4764-8E3839094878}.Debug|Any CPU.Build.0 = Debug|Any CPU
		{AF985D71-8158-C082-4764-8E3839094878}.Release|Any CPU.ActiveCfg = Release|Any CPU
		{AF985D71-8158-C082-4764-8E3839094878}.Release|Any CPU.Build.0 = Release|Any CPU
		{B50E7847-DBF7-C10C-1CA3-0C2EDA678639}.Debug|Any CPU.ActiveCfg = Debug|Any CPU
		{B50E7847-DBF7-C10C-1CA3-0C2EDA678639}.Debug|Any CPU.Build.0 = Debug|Any CPU
		{B50E7847-DBF7-C10C-1CA3-0C2EDA678639}.Release|Any CPU.ActiveCfg = Release|Any CPU
		{B50E7847-DBF7-C10C-1CA3-0C2EDA678639}.Release|Any CPU.Build.0 = Release|Any CPU
	EndGlobalSection
	GlobalSection(SolutionProperties) = preSolution
		HideSolutionNode = FALSE
	EndGlobalSection
EndGlobal
